
Microsoft Visual Studio Solution File, Format Version 12.00
# Visual Studio 15
VisualStudioVersion = 15.0.27428.2037
MinimumVisualStudioVersion = 10.0.40219.1
Project("{FAE04EC0-301F-11D3-BF4B-00C04F79EFBC}") = "SalesServices", "SalesServices\SalesServices.csproj", "{B031430A-7360-4C49-9448-B069B232B172}"
EndProject
Project("{FAE04EC0-301F-11D3-BF4B-00C04F79EFBC}") = "SalesServices.Tests", "SalesServices.Tests\SalesServices.Tests.csproj", "{F0AC3A4E-36CA-4801-859B-06F87961B89F}"
EndProject
Global
	GlobalSection(SolutionConfigurationPlatforms) = preSolution
		Debug|Any CPU = Debug|Any CPU
		Release|Any CPU = Release|Any CPU
	EndGlobalSection
	GlobalSection(ProjectConfigurationPlatforms) = postSolution
		{B031430A-7360-4C49-9448-B069B232B172}.Debug|Any CPU.ActiveCfg = Debug|Any CPU
		{B031430A-7360-4C49-9448-B069B232B172}.Debug|Any CPU.Build.0 = Debug|Any CPU
		{B031430A-7360-4C49-9448-B069B232B172}.Release|Any CPU.ActiveCfg = Release|Any CPU
		{B031430A-7360-4C49-9448-B069B232B172}.Release|Any CPU.Build.0 = Release|Any CPU
		{F0AC3A4E-36CA-4801-859B-06F87961B89F}.Debug|Any CPU.ActiveCfg = Debug|Any CPU
		{F0AC3A4E-36CA-4801-859B-06F87961B89F}.Debug|Any CPU.Build.0 = Debug|Any CPU
		{F0AC3A4E-36CA-4801-859B-06F87961B89F}.Release|Any CPU.ActiveCfg = Release|Any CPU
		{F0AC3A4E-36CA-4801-859B-06F87961B89F}.Release|Any CPU.Build.0 = Release|Any CPU
	EndGlobalSection
	GlobalSection(SolutionProperties) = preSolution
		HideSolutionNode = FALSE
	EndGlobalSection
	GlobalSection(ExtensibilityGlobals) = postSolution
		SolutionGuid = {78EEBE5E-E83D-41D0-9B9C-B96F4AD03F42}
	EndGlobalSection
EndGlobal
